// !$*UTF8*$!
{
	archiveVersion = 1;
	classes = {
	};
	objectVersion = 50;
	objects = {

/* Begin PBXBuildFile section */
		4CE5232705053A91B61EC74C /* Pods_EnjoeiTest.framework in Frameworks */ = {isa = PBXBuildFile; fileRef = EC06879B911B60BDB3BB1127 /* Pods_EnjoeiTest.framework */; };
		DD50AC75D53CE32827947001 /* libPods-EnjoeiTestUITests.a in Frameworks */ = {isa = PBXBuildFile; fileRef = B9198F75324E5F9F0B596618 /* libPods-EnjoeiTestUITests.a */; };
		F02DE8D0226A416E00686D4C /* String.swift in Sources */ = {isa = PBXBuildFile; fileRef = F02DE8CF226A416E00686D4C /* String.swift */; };
		F02DE8D4226A6BCD00686D4C /* HomeHeaderView.swift in Sources */ = {isa = PBXBuildFile; fileRef = F02DE8D3226A6BCD00686D4C /* HomeHeaderView.swift */; };
		F02DE8D6226A6BD600686D4C /* HomeHeaderView.xib in Resources */ = {isa = PBXBuildFile; fileRef = F02DE8D5226A6BD600686D4C /* HomeHeaderView.xib */; };
		F07E8993226AAEE600D14CB5 /* RequestResponse.swift in Sources */ = {isa = PBXBuildFile; fileRef = F07E8992226AAEE600D14CB5 /* RequestResponse.swift */; };
		F07E8995226BA64300D14CB5 /* MessageViewModel.swift in Sources */ = {isa = PBXBuildFile; fileRef = F07E8994226BA64300D14CB5 /* MessageViewModel.swift */; };
		F07E8997226BCA5600D14CB5 /* View.swift in Sources */ = {isa = PBXBuildFile; fileRef = F07E8996226BCA5600D14CB5 /* View.swift */; };
		F08338E42264CA4B0052F90E /* AppDelegate.swift in Sources */ = {isa = PBXBuildFile; fileRef = F08338E32264CA4B0052F90E /* AppDelegate.swift */; };
		F08338EB2264CA4C0052F90E /* Assets.xcassets in Resources */ = {isa = PBXBuildFile; fileRef = F08338EA2264CA4C0052F90E /* Assets.xcassets */; };
		F08338EE2264CA4C0052F90E /* LaunchScreen.storyboard in Resources */ = {isa = PBXBuildFile; fileRef = F08338EC2264CA4C0052F90E /* LaunchScreen.storyboard */; };
		F08338F92264CA4C0052F90E /* EnjoeiTestUITests.swift in Sources */ = {isa = PBXBuildFile; fileRef = F08338F82264CA4C0052F90E /* EnjoeiTestUITests.swift */; };
		F0AB61A42264CC0500626CC8 /* MainTabViewController.swift in Sources */ = {isa = PBXBuildFile; fileRef = F0AB61A32264CC0500626CC8 /* MainTabViewController.swift */; };
		F0AB61AB2264D85F00626CC8 /* Localizable.strings in Resources */ = {isa = PBXBuildFile; fileRef = F0AB61AA2264D85F00626CC8 /* Localizable.strings */; };
		F0AB61AF2264DE8300626CC8 /* HomeViewController.swift in Sources */ = {isa = PBXBuildFile; fileRef = F0AB61AD2264DE8300626CC8 /* HomeViewController.swift */; };
		F0AB61B32264E31100626CC8 /* Product.swift in Sources */ = {isa = PBXBuildFile; fileRef = F0AB61B22264E31100626CC8 /* Product.swift */; };
		F0AB61B52264EEB700626CC8 /* User.swift in Sources */ = {isa = PBXBuildFile; fileRef = F0AB61B42264EEB700626CC8 /* User.swift */; };
		F0AB61B72264EEC100626CC8 /* Image.swift in Sources */ = {isa = PBXBuildFile; fileRef = F0AB61B62264EEC100626CC8 /* Image.swift */; };
		F0AB61BB2264F6FD00626CC8 /* ProductCollectionViewCell.swift in Sources */ = {isa = PBXBuildFile; fileRef = F0AB61B92264F6FD00626CC8 /* ProductCollectionViewCell.swift */; };
		F0AB61BC2264F6FD00626CC8 /* ProductCollectionViewCell.xib in Resources */ = {isa = PBXBuildFile; fileRef = F0AB61BA2264F6FD00626CC8 /* ProductCollectionViewCell.xib */; };
		F0AB61BF2265135100626CC8 /* MessageCollectionViewCell.swift in Sources */ = {isa = PBXBuildFile; fileRef = F0AB61BD2265135100626CC8 /* MessageCollectionViewCell.swift */; };
		F0AB61C02265135100626CC8 /* MessageCollectionViewCell.xib in Resources */ = {isa = PBXBuildFile; fileRef = F0AB61BE2265135100626CC8 /* MessageCollectionViewCell.xib */; };
		F0AB61C32265153F00626CC8 /* LoadingCollectionViewCell.swift in Sources */ = {isa = PBXBuildFile; fileRef = F0AB61C12265153F00626CC8 /* LoadingCollectionViewCell.swift */; };
		F0AB61C42265153F00626CC8 /* LoadingCollectionViewCell.xib in Resources */ = {isa = PBXBuildFile; fileRef = F0AB61C22265153F00626CC8 /* LoadingCollectionViewCell.xib */; };
		F0AB61C7226515D500626CC8 /* BaseCollectionViewCell.swift in Sources */ = {isa = PBXBuildFile; fileRef = F0AB61C6226515D500626CC8 /* BaseCollectionViewCell.swift */; };
		F0AB61CB226524A000626CC8 /* Color.swift in Sources */ = {isa = PBXBuildFile; fileRef = F0AB61CA226524A000626CC8 /* Color.swift */; };
		F0AB61CD226524F700626CC8 /* APIClient.swift in Sources */ = {isa = PBXBuildFile; fileRef = F0AB61CC226524F700626CC8 /* APIClient.swift */; };
		F0AB61CF22653B5D00626CC8 /* reload.gif in Resources */ = {isa = PBXBuildFile; fileRef = F0AB61CE22653B5C00626CC8 /* reload.gif */; };
		F0AB61D722655D3800626CC8 /* PullToRefreshExtensions.swift in Sources */ = {isa = PBXBuildFile; fileRef = F0AB61D622655D3800626CC8 /* PullToRefreshExtensions.swift */; };
		F0AB61D922655D4600626CC8 /* PullToRefreshView.swift in Sources */ = {isa = PBXBuildFile; fileRef = F0AB61D822655D4600626CC8 /* PullToRefreshView.swift */; };
		F0AB61DB22655D5000626CC8 /* PullToRefreshView.xib in Resources */ = {isa = PBXBuildFile; fileRef = F0AB61DA22655D5000626CC8 /* PullToRefreshView.xib */; };
		F0AB61DD22655D6400626CC8 /* InfinityScrollRefreshView.swift in Sources */ = {isa = PBXBuildFile; fileRef = F0AB61DC22655D6400626CC8 /* InfinityScrollRefreshView.swift */; };
		F0AB61DF22655D6C00626CC8 /* InfinityScrollRefreshView.xib in Resources */ = {isa = PBXBuildFile; fileRef = F0AB61DE22655D6C00626CC8 /* InfinityScrollRefreshView.xib */; };
		F0AB61E12265693C00626CC8 /* iOSDevCenters+GIF.swift in Sources */ = {isa = PBXBuildFile; fileRef = F0AB61E02265693C00626CC8 /* iOSDevCenters+GIF.swift */; };
		F0AB61E32265F7DB00626CC8 /* Font.swift in Sources */ = {isa = PBXBuildFile; fileRef = F0AB61E22265F7DB00626CC8 /* Font.swift */; };
		F0AB61E72265FB8A00626CC8 /* ProductDetailsViewController.swift in Sources */ = {isa = PBXBuildFile; fileRef = F0AB61E62265FB8A00626CC8 /* ProductDetailsViewController.swift */; };
		F0AB61EE2266023F00626CC8 /* ProximaNova-Bold.otf in Resources */ = {isa = PBXBuildFile; fileRef = F0AB61EC2266018300626CC8 /* ProximaNova-Bold.otf */; };
		F0AB61EF2266024200626CC8 /* ProximaNova-Light.otf in Resources */ = {isa = PBXBuildFile; fileRef = F0AB61EB2266018300626CC8 /* ProximaNova-Light.otf */; };
		F0AB61F02266024500626CC8 /* ProximaNova-LightItalic.otf in Resources */ = {isa = PBXBuildFile; fileRef = F0AB61EA2266018200626CC8 /* ProximaNova-LightItalic.otf */; };
		F0AB61F12266024800626CC8 /* ProximaNova-Regular.otf in Resources */ = {isa = PBXBuildFile; fileRef = F0AB61E92266018200626CC8 /* ProximaNova-Regular.otf */; };
		F0AB61F22266024A00626CC8 /* ProximaNova-Semibold.otf in Resources */ = {isa = PBXBuildFile; fileRef = F0AB61ED2266018300626CC8 /* ProximaNova-Semibold.otf */; };
		F0AB61F42266198F00626CC8 /* ProductViewModel.swift in Sources */ = {isa = PBXBuildFile; fileRef = F0AB61F32266198F00626CC8 /* ProductViewModel.swift */; };
		F0AB62082266218200626CC8 /* PhotoHeaderCollectionViewCell.swift in Sources */ = {isa = PBXBuildFile; fileRef = F0AB62062266218200626CC8 /* PhotoHeaderCollectionViewCell.swift */; };
		F0AB62092266218200626CC8 /* PhotoHeaderCollectionViewCell.xib in Resources */ = {isa = PBXBuildFile; fileRef = F0AB62072266218200626CC8 /* PhotoHeaderCollectionViewCell.xib */; };
		F0AB620C226641F500626CC8 /* ProductPriceView.swift in Sources */ = {isa = PBXBuildFile; fileRef = F0AB620B226641F500626CC8 /* ProductPriceView.swift */; };
		F0AB620E226641FE00626CC8 /* ProductPriceView.xib in Resources */ = {isa = PBXBuildFile; fileRef = F0AB620D226641FE00626CC8 /* ProductPriceView.xib */; };
		F0AB62102266420C00626CC8 /* ProductPriceViewModel.swift in Sources */ = {isa = PBXBuildFile; fileRef = F0AB620F2266420C00626CC8 /* ProductPriceViewModel.swift */; };
/* End PBXBuildFile section */

/* Begin PBXContainerItemProxy section */
		F08338F52264CA4C0052F90E /* PBXContainerItemProxy */ = {
			isa = PBXContainerItemProxy;
			containerPortal = F08338D82264CA4B0052F90E /* Project object */;
			proxyType = 1;
			remoteGlobalIDString = F08338DF2264CA4B0052F90E;
			remoteInfo = EnjoeiTest;
		};
/* End PBXContainerItemProxy section */

/* Begin PBXFileReference section */
		1EEE38B502783B8AD324146A /* Pods-EnjoeiTest.release.xcconfig */ = {isa = PBXFileReference; includeInIndex = 1; lastKnownFileType = text.xcconfig; name = "Pods-EnjoeiTest.release.xcconfig"; path = "Pods/Target Support Files/Pods-EnjoeiTest/Pods-EnjoeiTest.release.xcconfig"; sourceTree = "<group>"; };
		332B70DDDD446CD483D195AF /* Pods-EnjoeiTestUITests.debug.xcconfig */ = {isa = PBXFileReference; includeInIndex = 1; lastKnownFileType = text.xcconfig; name = "Pods-EnjoeiTestUITests.debug.xcconfig"; path = "Pods/Target Support Files/Pods-EnjoeiTestUITests/Pods-EnjoeiTestUITests.debug.xcconfig"; sourceTree = "<group>"; };
		6F468E77BFFD702C16FEDFA5 /* Pods-EnjoeiTestUITests.release.xcconfig */ = {isa = PBXFileReference; includeInIndex = 1; lastKnownFileType = text.xcconfig; name = "Pods-EnjoeiTestUITests.release.xcconfig"; path = "Pods/Target Support Files/Pods-EnjoeiTestUITests/Pods-EnjoeiTestUITests.release.xcconfig"; sourceTree = "<group>"; };
		B8F450822F60707D85996630 /* Pods-EnjoeiTest.debug.xcconfig */ = {isa = PBXFileReference; includeInIndex = 1; lastKnownFileType = text.xcconfig; name = "Pods-EnjoeiTest.debug.xcconfig"; path = "Pods/Target Support Files/Pods-EnjoeiTest/Pods-EnjoeiTest.debug.xcconfig"; sourceTree = "<group>"; };
		B9198F75324E5F9F0B596618 /* libPods-EnjoeiTestUITests.a */ = {isa = PBXFileReference; explicitFileType = archive.ar; includeInIndex = 0; path = "libPods-EnjoeiTestUITests.a"; sourceTree = BUILT_PRODUCTS_DIR; };
		EC06879B911B60BDB3BB1127 /* Pods_EnjoeiTest.framework */ = {isa = PBXFileReference; explicitFileType = wrapper.framework; includeInIndex = 0; path = Pods_EnjoeiTest.framework; sourceTree = BUILT_PRODUCTS_DIR; };
		F02DE8CF226A416E00686D4C /* String.swift */ = {isa = PBXFileReference; lastKnownFileType = sourcecode.swift; path = String.swift; sourceTree = "<group>"; };
		F02DE8D3226A6BCD00686D4C /* HomeHeaderView.swift */ = {isa = PBXFileReference; lastKnownFileType = sourcecode.swift; path = HomeHeaderView.swift; sourceTree = "<group>"; };
		F02DE8D5226A6BD600686D4C /* HomeHeaderView.xib */ = {isa = PBXFileReference; lastKnownFileType = file.xib; path = HomeHeaderView.xib; sourceTree = "<group>"; };
		F07E8992226AAEE600D14CB5 /* RequestResponse.swift */ = {isa = PBXFileReference; lastKnownFileType = sourcecode.swift; path = RequestResponse.swift; sourceTree = "<group>"; };
		F07E8994226BA64300D14CB5 /* MessageViewModel.swift */ = {isa = PBXFileReference; lastKnownFileType = sourcecode.swift; path = MessageViewModel.swift; sourceTree = "<group>"; };
		F07E8996226BCA5600D14CB5 /* View.swift */ = {isa = PBXFileReference; lastKnownFileType = sourcecode.swift; path = View.swift; sourceTree = "<group>"; };
		F08338E02264CA4B0052F90E /* EnjoeiTest.app */ = {isa = PBXFileReference; explicitFileType = wrapper.application; includeInIndex = 0; path = EnjoeiTest.app; sourceTree = BUILT_PRODUCTS_DIR; };
		F08338E32264CA4B0052F90E /* AppDelegate.swift */ = {isa = PBXFileReference; lastKnownFileType = sourcecode.swift; path = AppDelegate.swift; sourceTree = "<group>"; };
		F08338EA2264CA4C0052F90E /* Assets.xcassets */ = {isa = PBXFileReference; lastKnownFileType = folder.assetcatalog; path = Assets.xcassets; sourceTree = "<group>"; };
		F08338ED2264CA4C0052F90E /* Base */ = {isa = PBXFileReference; lastKnownFileType = file.storyboard; name = Base; path = Base.lproj/LaunchScreen.storyboard; sourceTree = "<group>"; };
		F08338EF2264CA4C0052F90E /* Info.plist */ = {isa = PBXFileReference; lastKnownFileType = text.plist.xml; path = Info.plist; sourceTree = "<group>"; };
		F08338F42264CA4C0052F90E /* EnjoeiTestUITests.xctest */ = {isa = PBXFileReference; explicitFileType = wrapper.cfbundle; includeInIndex = 0; path = EnjoeiTestUITests.xctest; sourceTree = BUILT_PRODUCTS_DIR; };
		F08338F82264CA4C0052F90E /* EnjoeiTestUITests.swift */ = {isa = PBXFileReference; lastKnownFileType = sourcecode.swift; path = EnjoeiTestUITests.swift; sourceTree = "<group>"; };
		F08338FA2264CA4C0052F90E /* Info.plist */ = {isa = PBXFileReference; lastKnownFileType = text.plist.xml; path = Info.plist; sourceTree = "<group>"; };
		F0AB61A32264CC0500626CC8 /* MainTabViewController.swift */ = {isa = PBXFileReference; lastKnownFileType = sourcecode.swift; path = MainTabViewController.swift; sourceTree = "<group>"; };
		F0AB61AA2264D85F00626CC8 /* Localizable.strings */ = {isa = PBXFileReference; lastKnownFileType = text.plist.strings; path = Localizable.strings; sourceTree = "<group>"; };
		F0AB61AD2264DE8300626CC8 /* HomeViewController.swift */ = {isa = PBXFileReference; lastKnownFileType = sourcecode.swift; path = HomeViewController.swift; sourceTree = "<group>"; };
		F0AB61B22264E31100626CC8 /* Product.swift */ = {isa = PBXFileReference; lastKnownFileType = sourcecode.swift; path = Product.swift; sourceTree = "<group>"; };
		F0AB61B42264EEB700626CC8 /* User.swift */ = {isa = PBXFileReference; lastKnownFileType = sourcecode.swift; path = User.swift; sourceTree = "<group>"; };
		F0AB61B62264EEC100626CC8 /* Image.swift */ = {isa = PBXFileReference; lastKnownFileType = sourcecode.swift; path = Image.swift; sourceTree = "<group>"; };
		F0AB61B92264F6FD00626CC8 /* ProductCollectionViewCell.swift */ = {isa = PBXFileReference; lastKnownFileType = sourcecode.swift; path = ProductCollectionViewCell.swift; sourceTree = "<group>"; };
		F0AB61BA2264F6FD00626CC8 /* ProductCollectionViewCell.xib */ = {isa = PBXFileReference; lastKnownFileType = file.xib; path = ProductCollectionViewCell.xib; sourceTree = "<group>"; };
		F0AB61BD2265135100626CC8 /* MessageCollectionViewCell.swift */ = {isa = PBXFileReference; lastKnownFileType = sourcecode.swift; path = MessageCollectionViewCell.swift; sourceTree = "<group>"; };
		F0AB61BE2265135100626CC8 /* MessageCollectionViewCell.xib */ = {isa = PBXFileReference; lastKnownFileType = file.xib; path = MessageCollectionViewCell.xib; sourceTree = "<group>"; };
		F0AB61C12265153F00626CC8 /* LoadingCollectionViewCell.swift */ = {isa = PBXFileReference; lastKnownFileType = sourcecode.swift; path = LoadingCollectionViewCell.swift; sourceTree = "<group>"; };
		F0AB61C22265153F00626CC8 /* LoadingCollectionViewCell.xib */ = {isa = PBXFileReference; lastKnownFileType = file.xib; path = LoadingCollectionViewCell.xib; sourceTree = "<group>"; };
		F0AB61C6226515D500626CC8 /* BaseCollectionViewCell.swift */ = {isa = PBXFileReference; lastKnownFileType = sourcecode.swift; path = BaseCollectionViewCell.swift; sourceTree = "<group>"; };
		F0AB61CA226524A000626CC8 /* Color.swift */ = {isa = PBXFileReference; lastKnownFileType = sourcecode.swift; path = Color.swift; sourceTree = "<group>"; };
		F0AB61CC226524F700626CC8 /* APIClient.swift */ = {isa = PBXFileReference; lastKnownFileType = sourcecode.swift; path = APIClient.swift; sourceTree = "<group>"; };
		F0AB61CE22653B5C00626CC8 /* reload.gif */ = {isa = PBXFileReference; lastKnownFileType = image.gif; path = reload.gif; sourceTree = "<group>"; };
		F0AB61D622655D3800626CC8 /* PullToRefreshExtensions.swift */ = {isa = PBXFileReference; lastKnownFileType = sourcecode.swift; path = PullToRefreshExtensions.swift; sourceTree = "<group>"; };
		F0AB61D822655D4600626CC8 /* PullToRefreshView.swift */ = {isa = PBXFileReference; lastKnownFileType = sourcecode.swift; path = PullToRefreshView.swift; sourceTree = "<group>"; };
		F0AB61DA22655D5000626CC8 /* PullToRefreshView.xib */ = {isa = PBXFileReference; lastKnownFileType = file.xib; path = PullToRefreshView.xib; sourceTree = "<group>"; };
		F0AB61DC22655D6400626CC8 /* InfinityScrollRefreshView.swift */ = {isa = PBXFileReference; lastKnownFileType = sourcecode.swift; path = InfinityScrollRefreshView.swift; sourceTree = "<group>"; };
		F0AB61DE22655D6C00626CC8 /* InfinityScrollRefreshView.xib */ = {isa = PBXFileReference; lastKnownFileType = file.xib; path = InfinityScrollRefreshView.xib; sourceTree = "<group>"; };
		F0AB61E02265693C00626CC8 /* iOSDevCenters+GIF.swift */ = {isa = PBXFileReference; lastKnownFileType = sourcecode.swift; path = "iOSDevCenters+GIF.swift"; sourceTree = "<group>"; };
		F0AB61E22265F7DB00626CC8 /* Font.swift */ = {isa = PBXFileReference; lastKnownFileType = sourcecode.swift; path = Font.swift; sourceTree = "<group>"; };
		F0AB61E62265FB8A00626CC8 /* ProductDetailsViewController.swift */ = {isa = PBXFileReference; lastKnownFileType = sourcecode.swift; path = ProductDetailsViewController.swift; sourceTree = "<group>"; };
		F0AB61E92266018200626CC8 /* ProximaNova-Regular.otf */ = {isa = PBXFileReference; lastKnownFileType = file; path = "ProximaNova-Regular.otf"; sourceTree = "<group>"; };
		F0AB61EA2266018200626CC8 /* ProximaNova-LightItalic.otf */ = {isa = PBXFileReference; lastKnownFileType = file; path = "ProximaNova-LightItalic.otf"; sourceTree = "<group>"; };
		F0AB61EB2266018300626CC8 /* ProximaNova-Light.otf */ = {isa = PBXFileReference; lastKnownFileType = file; path = "ProximaNova-Light.otf"; sourceTree = "<group>"; };
		F0AB61EC2266018300626CC8 /* ProximaNova-Bold.otf */ = {isa = PBXFileReference; lastKnownFileType = file; path = "ProximaNova-Bold.otf"; sourceTree = "<group>"; };
		F0AB61ED2266018300626CC8 /* ProximaNova-Semibold.otf */ = {isa = PBXFileReference; lastKnownFileType = file; path = "ProximaNova-Semibold.otf"; sourceTree = "<group>"; };
		F0AB61F32266198F00626CC8 /* ProductViewModel.swift */ = {isa = PBXFileReference; lastKnownFileType = sourcecode.swift; path = ProductViewModel.swift; sourceTree = "<group>"; };
		F0AB62062266218200626CC8 /* PhotoHeaderCollectionViewCell.swift */ = {isa = PBXFileReference; lastKnownFileType = sourcecode.swift; path = PhotoHeaderCollectionViewCell.swift; sourceTree = "<group>"; };
		F0AB62072266218200626CC8 /* PhotoHeaderCollectionViewCell.xib */ = {isa = PBXFileReference; lastKnownFileType = file.xib; path = PhotoHeaderCollectionViewCell.xib; sourceTree = "<group>"; };
		F0AB620B226641F500626CC8 /* ProductPriceView.swift */ = {isa = PBXFileReference; lastKnownFileType = sourcecode.swift; path = ProductPriceView.swift; sourceTree = "<group>"; };
		F0AB620D226641FE00626CC8 /* ProductPriceView.xib */ = {isa = PBXFileReference; lastKnownFileType = file.xib; path = ProductPriceView.xib; sourceTree = "<group>"; };
		F0AB620F2266420C00626CC8 /* ProductPriceViewModel.swift */ = {isa = PBXFileReference; lastKnownFileType = sourcecode.swift; path = ProductPriceViewModel.swift; sourceTree = "<group>"; };
/* End PBXFileReference section */

/* Begin PBXFrameworksBuildPhase section */
		F08338DD2264CA4B0052F90E /* Frameworks */ = {
			isa = PBXFrameworksBuildPhase;
			buildActionMask = 2147483647;
			files = (
				4CE5232705053A91B61EC74C /* Pods_EnjoeiTest.framework in Frameworks */,
			);
			runOnlyForDeploymentPostprocessing = 0;
		};
		F08338F12264CA4C0052F90E /* Frameworks */ = {
			isa = PBXFrameworksBuildPhase;
			buildActionMask = 2147483647;
			files = (
				DD50AC75D53CE32827947001 /* libPods-EnjoeiTestUITests.a in Frameworks */,
			);
			runOnlyForDeploymentPostprocessing = 0;
		};
/* End PBXFrameworksBuildPhase section */

/* Begin PBXGroup section */
		819A2D03BE61222B400AE879 /* Frameworks */ = {
			isa = PBXGroup;
			children = (
				EC06879B911B60BDB3BB1127 /* Pods_EnjoeiTest.framework */,
				B9198F75324E5F9F0B596618 /* libPods-EnjoeiTestUITests.a */,
			);
			name = Frameworks;
			sourceTree = "<group>";
		};
		A6100C7A37033400A0D1C635 /* Pods */ = {
			isa = PBXGroup;
			children = (
				B8F450822F60707D85996630 /* Pods-EnjoeiTest.debug.xcconfig */,
				1EEE38B502783B8AD324146A /* Pods-EnjoeiTest.release.xcconfig */,
				332B70DDDD446CD483D195AF /* Pods-EnjoeiTestUITests.debug.xcconfig */,
				6F468E77BFFD702C16FEDFA5 /* Pods-EnjoeiTestUITests.release.xcconfig */,
			);
			name = Pods;
			sourceTree = "<group>";
		};
		F02DE8D1226A68A500686D4C /* ApiClient */ = {
			isa = PBXGroup;
			children = (
				F0AB61CC226524F700626CC8 /* APIClient.swift */,
			);
			path = ApiClient;
			sourceTree = "<group>";
		};
		F02DE8D2226A6BA100686D4C /* header */ = {
			isa = PBXGroup;
			children = (
				F02DE8D3226A6BCD00686D4C /* HomeHeaderView.swift */,
				F02DE8D5226A6BD600686D4C /* HomeHeaderView.xib */,
			);
			path = header;
			sourceTree = "<group>";
		};
		F08338D72264CA4B0052F90E = {
			isa = PBXGroup;
			children = (
				F08338E22264CA4B0052F90E /* EnjoeiTest */,
				F0AB61E82266015700626CC8 /* fonts */,
				F08338F72264CA4C0052F90E /* EnjoeiTestUITests */,
				F08338E12264CA4B0052F90E /* Products */,
				A6100C7A37033400A0D1C635 /* Pods */,
				819A2D03BE61222B400AE879 /* Frameworks */,
			);
			sourceTree = "<group>";
		};
		F08338E12264CA4B0052F90E /* Products */ = {
			isa = PBXGroup;
			children = (
				F08338E02264CA4B0052F90E /* EnjoeiTest.app */,
				F08338F42264CA4C0052F90E /* EnjoeiTestUITests.xctest */,
			);
			name = Products;
			sourceTree = "<group>";
		};
		F08338E22264CA4B0052F90E /* EnjoeiTest */ = {
			isa = PBXGroup;
			children = (
				F02DE8D1226A68A500686D4C /* ApiClient */,
				F0AB61B12264E2FE00626CC8 /* models */,
				F0AB61A72264D20300626CC8 /* utils */,
				F0AB61E42265FA4A00626CC8 /* class */,
				F08338E32264CA4B0052F90E /* AppDelegate.swift */,
				F08338EA2264CA4C0052F90E /* Assets.xcassets */,
				F08338EC2264CA4C0052F90E /* LaunchScreen.storyboard */,
				F0AB61CE22653B5C00626CC8 /* reload.gif */,
				F08338EF2264CA4C0052F90E /* Info.plist */,
				F0AB61AA2264D85F00626CC8 /* Localizable.strings */,
			);
			path = EnjoeiTest;
			sourceTree = "<group>";
		};
		F08338F72264CA4C0052F90E /* EnjoeiTestUITests */ = {
			isa = PBXGroup;
			children = (
				F08338F82264CA4C0052F90E /* EnjoeiTestUITests.swift */,
				F08338FA2264CA4C0052F90E /* Info.plist */,
			);
			path = EnjoeiTestUITests;
			sourceTree = "<group>";
		};
		F0AB61A02264CBAE00626CC8 /* mainTab */ = {
			isa = PBXGroup;
			children = (
				F0AB61A32264CC0500626CC8 /* MainTabViewController.swift */,
			);
			path = mainTab;
			sourceTree = "<group>";
		};
		F0AB61A72264D20300626CC8 /* utils */ = {
			isa = PBXGroup;
			children = (
				F0AB61D622655D3800626CC8 /* PullToRefreshExtensions.swift */,
				F0AB61E02265693C00626CC8 /* iOSDevCenters+GIF.swift */,
				F07E8992226AAEE600D14CB5 /* RequestResponse.swift */,
				F02DE8CF226A416E00686D4C /* String.swift */,
				F0AB61CA226524A000626CC8 /* Color.swift */,
				F0AB61E22265F7DB00626CC8 /* Font.swift */,
				F07E8996226BCA5600D14CB5 /* View.swift */,
			);
			path = utils;
			sourceTree = "<group>";
		};
		F0AB61AC2264DE6400626CC8 /* home */ = {
			isa = PBXGroup;
			children = (
				F0AB61D522655CFF00626CC8 /* view */,
				F0AB61B82264F6D800626CC8 /* collectionViewCell */,
				F0AB61AD2264DE8300626CC8 /* HomeViewController.swift */,
			);
			path = home;
			sourceTree = "<group>";
		};
		F0AB61B12264E2FE00626CC8 /* models */ = {
			isa = PBXGroup;
			children = (
				F0AB61B22264E31100626CC8 /* Product.swift */,
				F0AB61B42264EEB700626CC8 /* User.swift */,
				F0AB61B62264EEC100626CC8 /* Image.swift */,
			);
			path = models;
			sourceTree = "<group>";
		};
		F0AB61B82264F6D800626CC8 /* collectionViewCell */ = {
			isa = PBXGroup;
			children = (
				F0AB61F7226619E200626CC8 /* product */,
				F0AB61F9226619FF00626CC8 /* message */,
				F0AB61F8226619F600626CC8 /* loading */,
			);
			path = collectionViewCell;
			sourceTree = "<group>";
		};
		F0AB61C5226515C700626CC8 /* base */ = {
			isa = PBXGroup;
			children = (
				F0AB61C6226515D500626CC8 /* BaseCollectionViewCell.swift */,
			);
			path = base;
			sourceTree = "<group>";
		};
		F0AB61D522655CFF00626CC8 /* view */ = {
			isa = PBXGroup;
			children = (
				F02DE8D2226A6BA100686D4C /* header */,
				F0AB61FB22661A3A00626CC8 /* pullToRefresh */,
				F0AB61FA22661A3000626CC8 /* infinityScroll */,
			);
			path = view;
			sourceTree = "<group>";
		};
		F0AB61E42265FA4A00626CC8 /* class */ = {
			isa = PBXGroup;
			children = (
				F0AB61C5226515C700626CC8 /* base */,
				F0AB61A02264CBAE00626CC8 /* mainTab */,
				F0AB61AC2264DE6400626CC8 /* home */,
				F0AB61E52265FA6100626CC8 /* productDetails */,
			);
			path = class;
			sourceTree = "<group>";
		};
		F0AB61E52265FA6100626CC8 /* productDetails */ = {
			isa = PBXGroup;
			children = (
				F0AB620422661FCE00626CC8 /* collectionViewCell */,
				F0AB61FC22661D2C00626CC8 /* view */,
				F0AB61E62265FB8A00626CC8 /* ProductDetailsViewController.swift */,
			);
			path = productDetails;
			sourceTree = "<group>";
		};
		F0AB61E82266015700626CC8 /* fonts */ = {
			isa = PBXGroup;
			children = (
				F0AB61EC2266018300626CC8 /* ProximaNova-Bold.otf */,
				F0AB61EB2266018300626CC8 /* ProximaNova-Light.otf */,
				F0AB61EA2266018200626CC8 /* ProximaNova-LightItalic.otf */,
				F0AB61E92266018200626CC8 /* ProximaNova-Regular.otf */,
				F0AB61ED2266018300626CC8 /* ProximaNova-Semibold.otf */,
			);
			path = fonts;
			sourceTree = "<group>";
		};
		F0AB61F7226619E200626CC8 /* product */ = {
			isa = PBXGroup;
			children = (
				F0AB61F32266198F00626CC8 /* ProductViewModel.swift */,
				F0AB61B92264F6FD00626CC8 /* ProductCollectionViewCell.swift */,
				F0AB61BA2264F6FD00626CC8 /* ProductCollectionViewCell.xib */,
			);
			path = product;
			sourceTree = "<group>";
		};
		F0AB61F8226619F600626CC8 /* loading */ = {
			isa = PBXGroup;
			children = (
				F0AB61C12265153F00626CC8 /* LoadingCollectionViewCell.swift */,
				F0AB61C22265153F00626CC8 /* LoadingCollectionViewCell.xib */,
			);
			path = loading;
			sourceTree = "<group>";
		};
		F0AB61F9226619FF00626CC8 /* message */ = {
			isa = PBXGroup;
			children = (
				F07E8994226BA64300D14CB5 /* MessageViewModel.swift */,
				F0AB61BD2265135100626CC8 /* MessageCollectionViewCell.swift */,
				F0AB61BE2265135100626CC8 /* MessageCollectionViewCell.xib */,
			);
			path = message;
			sourceTree = "<group>";
		};
		F0AB61FA22661A3000626CC8 /* infinityScroll */ = {
			isa = PBXGroup;
			children = (
				F0AB61DC22655D6400626CC8 /* InfinityScrollRefreshView.swift */,
				F0AB61DE22655D6C00626CC8 /* InfinityScrollRefreshView.xib */,
			);
			path = infinityScroll;
			sourceTree = "<group>";
		};
		F0AB61FB22661A3A00626CC8 /* pullToRefresh */ = {
			isa = PBXGroup;
			children = (
				F0AB61D822655D4600626CC8 /* PullToRefreshView.swift */,
				F0AB61DA22655D5000626CC8 /* PullToRefreshView.xib */,
			);
			path = pullToRefresh;
			sourceTree = "<group>";
		};
		F0AB61FC22661D2C00626CC8 /* view */ = {
			isa = PBXGroup;
			children = (
				F0AB620A2266418400626CC8 /* productDetails */,
			);
			path = view;
			sourceTree = "<group>";
		};
		F0AB620422661FCE00626CC8 /* collectionViewCell */ = {
			isa = PBXGroup;
			children = (
				F0AB620522661FD700626CC8 /* photo */,
			);
			path = collectionViewCell;
			sourceTree = "<group>";
		};
		F0AB620522661FD700626CC8 /* photo */ = {
			isa = PBXGroup;
			children = (
				F0AB62062266218200626CC8 /* PhotoHeaderCollectionViewCell.swift */,
				F0AB62072266218200626CC8 /* PhotoHeaderCollectionViewCell.xib */,
			);
			path = photo;
			sourceTree = "<group>";
		};
		F0AB620A2266418400626CC8 /* productDetails */ = {
			isa = PBXGroup;
			children = (
				F0AB620F2266420C00626CC8 /* ProductPriceViewModel.swift */,
				F0AB620B226641F500626CC8 /* ProductPriceView.swift */,
				F0AB620D226641FE00626CC8 /* ProductPriceView.xib */,
			);
			path = productDetails;
			sourceTree = "<group>";
		};
/* End PBXGroup section */

/* Begin PBXNativeTarget section */
		F08338DF2264CA4B0052F90E /* EnjoeiTest */ = {
			isa = PBXNativeTarget;
			buildConfigurationList = F08338FD2264CA4C0052F90E /* Build configuration list for PBXNativeTarget "EnjoeiTest" */;
			buildPhases = (
				9CAB61765EC342D4BC196054 /* [CP] Check Pods Manifest.lock */,
				F08338DC2264CA4B0052F90E /* Sources */,
				F08338DD2264CA4B0052F90E /* Frameworks */,
				F08338DE2264CA4B0052F90E /* Resources */,
				34F5F37D0A682D6B43A00103 /* [CP] Embed Pods Frameworks */,
			);
			buildRules = (
			);
			dependencies = (
			);
			name = EnjoeiTest;
			productName = EnjoeiTest;
			productReference = F08338E02264CA4B0052F90E /* EnjoeiTest.app */;
			productType = "com.apple.product-type.application";
		};
		F08338F32264CA4C0052F90E /* EnjoeiTestUITests */ = {
			isa = PBXNativeTarget;
			buildConfigurationList = F08339002264CA4C0052F90E /* Build configuration list for PBXNativeTarget "EnjoeiTestUITests" */;
			buildPhases = (
				9BA7436A72611336828F2FB4 /* [CP] Check Pods Manifest.lock */,
				F08338F02264CA4C0052F90E /* Sources */,
				F08338F12264CA4C0052F90E /* Frameworks */,
				F08338F22264CA4C0052F90E /* Resources */,
			);
			buildRules = (
			);
			dependencies = (
				F08338F62264CA4C0052F90E /* PBXTargetDependency */,
			);
			name = EnjoeiTestUITests;
			productName = EnjoeiTestUITests;
			productReference = F08338F42264CA4C0052F90E /* EnjoeiTestUITests.xctest */;
			productType = "com.apple.product-type.bundle.ui-testing";
		};
/* End PBXNativeTarget section */

/* Begin PBXProject section */
		F08338D82264CA4B0052F90E /* Project object */ = {
			isa = PBXProject;
			attributes = {
				LastSwiftUpdateCheck = 1010;
				LastUpgradeCheck = 1010;
				ORGANIZATIONNAME = "Junio Moquiuti";
				TargetAttributes = {
					F08338DF2264CA4B0052F90E = {
						CreatedOnToolsVersion = 10.1;
					};
					F08338F32264CA4C0052F90E = {
						CreatedOnToolsVersion = 10.1;
						TestTargetID = F08338DF2264CA4B0052F90E;
					};
				};
			};
			buildConfigurationList = F08338DB2264CA4B0052F90E /* Build configuration list for PBXProject "EnjoeiTest" */;
			compatibilityVersion = "Xcode 9.3";
			developmentRegion = en;
			hasScannedForEncodings = 0;
			knownRegions = (
				en,
				Base,
			);
			mainGroup = F08338D72264CA4B0052F90E;
			productRefGroup = F08338E12264CA4B0052F90E /* Products */;
			projectDirPath = "";
			projectRoot = "";
			targets = (
				F08338DF2264CA4B0052F90E /* EnjoeiTest */,
				F08338F32264CA4C0052F90E /* EnjoeiTestUITests */,
			);
		};
/* End PBXProject section */

/* Begin PBXResourcesBuildPhase section */
		F08338DE2264CA4B0052F90E /* Resources */ = {
			isa = PBXResourcesBuildPhase;
			buildActionMask = 2147483647;
			files = (
				F0AB61C42265153F00626CC8 /* LoadingCollectionViewCell.xib in Resources */,
				F08338EE2264CA4C0052F90E /* LaunchScreen.storyboard in Resources */,
				F0AB61AB2264D85F00626CC8 /* Localizable.strings in Resources */,
				F0AB61C02265135100626CC8 /* MessageCollectionViewCell.xib in Resources */,
				F02DE8D6226A6BD600686D4C /* HomeHeaderView.xib in Resources */,
				F0AB62092266218200626CC8 /* PhotoHeaderCollectionViewCell.xib in Resources */,
				F0AB620E226641FE00626CC8 /* ProductPriceView.xib in Resources */,
				F0AB61BC2264F6FD00626CC8 /* ProductCollectionViewCell.xib in Resources */,
				F0AB61F02266024500626CC8 /* ProximaNova-LightItalic.otf in Resources */,
				F0AB61DF22655D6C00626CC8 /* InfinityScrollRefreshView.xib in Resources */,
				F0AB61EF2266024200626CC8 /* ProximaNova-Light.otf in Resources */,
				F0AB61CF22653B5D00626CC8 /* reload.gif in Resources */,
				F08338EB2264CA4C0052F90E /* Assets.xcassets in Resources */,
				F0AB61DB22655D5000626CC8 /* PullToRefreshView.xib in Resources */,
				F0AB61F12266024800626CC8 /* ProximaNova-Regular.otf in Resources */,
				F0AB61EE2266023F00626CC8 /* ProximaNova-Bold.otf in Resources */,
				F0AB61F22266024A00626CC8 /* ProximaNova-Semibold.otf in Resources */,
			);
			runOnlyForDeploymentPostprocessing = 0;
		};
		F08338F22264CA4C0052F90E /* Resources */ = {
			isa = PBXResourcesBuildPhase;
			buildActionMask = 2147483647;
			files = (
			);
			runOnlyForDeploymentPostprocessing = 0;
		};
/* End PBXResourcesBuildPhase section */

/* Begin PBXShellScriptBuildPhase section */
		34F5F37D0A682D6B43A00103 /* [CP] Embed Pods Frameworks */ = {
			isa = PBXShellScriptBuildPhase;
			buildActionMask = 2147483647;
			files = (
			);
			inputFileListPaths = (
			);
			inputPaths = (
				"${SRCROOT}/Pods/Target Support Files/Pods-EnjoeiTest/Pods-EnjoeiTest-frameworks.sh",
				"${BUILT_PRODUCTS_DIR}/Cartography/Cartography.framework",
				"${BUILT_PRODUCTS_DIR}/INSPullToRefresh/INSPullToRefresh.framework",
				"${BUILT_PRODUCTS_DIR}/Kingfisher/Kingfisher.framework",
				"${BUILT_PRODUCTS_DIR}/RxAtomic/RxAtomic.framework",
				"${BUILT_PRODUCTS_DIR}/RxCocoa/RxCocoa.framework",
				"${BUILT_PRODUCTS_DIR}/RxSwift/RxSwift.framework",
			);
			name = "[CP] Embed Pods Frameworks";
			outputFileListPaths = (
			);
			outputPaths = (
				"${TARGET_BUILD_DIR}/${FRAMEWORKS_FOLDER_PATH}/Cartography.framework",
				"${TARGET_BUILD_DIR}/${FRAMEWORKS_FOLDER_PATH}/INSPullToRefresh.framework",
				"${TARGET_BUILD_DIR}/${FRAMEWORKS_FOLDER_PATH}/Kingfisher.framework",
				"${TARGET_BUILD_DIR}/${FRAMEWORKS_FOLDER_PATH}/RxAtomic.framework",
				"${TARGET_BUILD_DIR}/${FRAMEWORKS_FOLDER_PATH}/RxCocoa.framework",
				"${TARGET_BUILD_DIR}/${FRAMEWORKS_FOLDER_PATH}/RxSwift.framework",
			);
			runOnlyForDeploymentPostprocessing = 0;
			shellPath = /bin/sh;
			shellScript = "\"${SRCROOT}/Pods/Target Support Files/Pods-EnjoeiTest/Pods-EnjoeiTest-frameworks.sh\"\n";
			showEnvVarsInLog = 0;
		};
		9BA7436A72611336828F2FB4 /* [CP] Check Pods Manifest.lock */ = {
			isa = PBXShellScriptBuildPhase;
			buildActionMask = 2147483647;
			files = (
			);
			inputFileListPaths = (
			);
			inputPaths = (
				"${PODS_PODFILE_DIR_PATH}/Podfile.lock",
				"${PODS_ROOT}/Manifest.lock",
			);
			name = "[CP] Check Pods Manifest.lock";
			outputFileListPaths = (
			);
			outputPaths = (
				"$(DERIVED_FILE_DIR)/Pods-EnjoeiTestUITests-checkManifestLockResult.txt",
			);
			runOnlyForDeploymentPostprocessing = 0;
			shellPath = /bin/sh;
			shellScript = "diff \"${PODS_PODFILE_DIR_PATH}/Podfile.lock\" \"${PODS_ROOT}/Manifest.lock\" > /dev/null\nif [ $? != 0 ] ; then\n    # print error to STDERR\n    echo \"error: The sandbox is not in sync with the Podfile.lock. Run 'pod install' or update your CocoaPods installation.\" >&2\n    exit 1\nfi\n# This output is used by Xcode 'outputs' to avoid re-running this script phase.\necho \"SUCCESS\" > \"${SCRIPT_OUTPUT_FILE_0}\"\n";
			showEnvVarsInLog = 0;
		};
		9CAB61765EC342D4BC196054 /* [CP] Check Pods Manifest.lock */ = {
			isa = PBXShellScriptBuildPhase;
			buildActionMask = 2147483647;
			files = (
			);
			inputFileListPaths = (
			);
			inputPaths = (
				"${PODS_PODFILE_DIR_PATH}/Podfile.lock",
				"${PODS_ROOT}/Manifest.lock",
			);
			name = "[CP] Check Pods Manifest.lock";
			outputFileListPaths = (
			);
			outputPaths = (
				"$(DERIVED_FILE_DIR)/Pods-EnjoeiTest-checkManifestLockResult.txt",
			);
			runOnlyForDeploymentPostprocessing = 0;
			shellPath = /bin/sh;
			shellScript = "diff \"${PODS_PODFILE_DIR_PATH}/Podfile.lock\" \"${PODS_ROOT}/Manifest.lock\" > /dev/null\nif [ $? != 0 ] ; then\n    # print error to STDERR\n    echo \"error: The sandbox is not in sync with the Podfile.lock. Run 'pod install' or update your CocoaPods installation.\" >&2\n    exit 1\nfi\n# This output is used by Xcode 'outputs' to avoid re-running this script phase.\necho \"SUCCESS\" > \"${SCRIPT_OUTPUT_FILE_0}\"\n";
			showEnvVarsInLog = 0;
		};
/* End PBXShellScriptBuildPhase section */

/* Begin PBXSourcesBuildPhase section */
		F08338DC2264CA4B0052F90E /* Sources */ = {
			isa = PBXSourcesBuildPhase;
			buildActionMask = 2147483647;
			files = (
				F0AB61B72264EEC100626CC8 /* Image.swift in Sources */,
				F0AB61E12265693C00626CC8 /* iOSDevCenters+GIF.swift in Sources */,
				F02DE8D0226A416E00686D4C /* String.swift in Sources */,
				F0AB61BB2264F6FD00626CC8 /* ProductCollectionViewCell.swift in Sources */,
				F0AB61C32265153F00626CC8 /* LoadingCollectionViewCell.swift in Sources */,
				F0AB61C7226515D500626CC8 /* BaseCollectionViewCell.swift in Sources */,
				F0AB620C226641F500626CC8 /* ProductPriceView.swift in Sources */,
				F0AB61F42266198F00626CC8 /* ProductViewModel.swift in Sources */,
				F0AB61A42264CC0500626CC8 /* MainTabViewController.swift in Sources */,
				F0AB61BF2265135100626CC8 /* MessageCollectionViewCell.swift in Sources */,
				F07E8995226BA64300D14CB5 /* MessageViewModel.swift in Sources */,
				F0AB62102266420C00626CC8 /* ProductPriceViewModel.swift in Sources */,
				F0AB61B52264EEB700626CC8 /* User.swift in Sources */,
				F02DE8D4226A6BCD00686D4C /* HomeHeaderView.swift in Sources */,
				F07E8997226BCA5600D14CB5 /* View.swift in Sources */,
				F0AB61B32264E31100626CC8 /* Product.swift in Sources */,
				F0AB61CB226524A000626CC8 /* Color.swift in Sources */,
				F08338E42264CA4B0052F90E /* AppDelegate.swift in Sources */,
				F0AB61AF2264DE8300626CC8 /* HomeViewController.swift in Sources */,
				F0AB61E32265F7DB00626CC8 /* Font.swift in Sources */,
				F07E8993226AAEE600D14CB5 /* RequestResponse.swift in Sources */,
				F0AB61CD226524F700626CC8 /* APIClient.swift in Sources */,
				F0AB61DD22655D6400626CC8 /* InfinityScrollRefreshView.swift in Sources */,
				F0AB62082266218200626CC8 /* PhotoHeaderCollectionViewCell.swift in Sources */,
				F0AB61E72265FB8A00626CC8 /* ProductDetailsViewController.swift in Sources */,
				F0AB61D722655D3800626CC8 /* PullToRefreshExtensions.swift in Sources */,
				F0AB61D922655D4600626CC8 /* PullToRefreshView.swift in Sources */,
			);
			runOnlyForDeploymentPostprocessing = 0;
		};
		F08338F02264CA4C0052F90E /* Sources */ = {
			isa = PBXSourcesBuildPhase;
			buildActionMask = 2147483647;
			files = (
				F08338F92264CA4C0052F90E /* EnjoeiTestUITests.swift in Sources */,
			);
			runOnlyForDeploymentPostprocessing = 0;
		};
/* End PBXSourcesBuildPhase section */

/* Begin PBXTargetDependency section */
		F08338F62264CA4C0052F90E /* PBXTargetDependency */ = {
			isa = PBXTargetDependency;
			target = F08338DF2264CA4B0052F90E /* EnjoeiTest */;
			targetProxy = F08338F52264CA4C0052F90E /* PBXContainerItemProxy */;
		};
/* End PBXTargetDependency section */

/* Begin PBXVariantGroup section */
		F08338EC2264CA4C0052F90E /* LaunchScreen.storyboard */ = {
			isa = PBXVariantGroup;
			children = (
				F08338ED2264CA4C0052F90E /* Base */,
			);
			name = LaunchScreen.storyboard;
			sourceTree = "<group>";
		};
/* End PBXVariantGroup section */

/* Begin XCBuildConfiguration section */
		F08338FB2264CA4C0052F90E /* Debug */ = {
			isa = XCBuildConfiguration;
			buildSettings = {
				ALWAYS_SEARCH_USER_PATHS = NO;
				CLANG_ANALYZER_NONNULL = YES;
				CLANG_ANALYZER_NUMBER_OBJECT_CONVERSION = YES_AGGRESSIVE;
				CLANG_CXX_LANGUAGE_STANDARD = "gnu++14";
				CLANG_CXX_LIBRARY = "libc++";
				CLANG_ENABLE_MODULES = YES;
				CLANG_ENABLE_OBJC_ARC = YES;
				CLANG_ENABLE_OBJC_WEAK = YES;
				CLANG_WARN_BLOCK_CAPTURE_AUTORELEASING = YES;
				CLANG_WARN_BOOL_CONVERSION = YES;
				CLANG_WARN_COMMA = YES;
				CLANG_WARN_CONSTANT_CONVERSION = YES;
				CLANG_WARN_DEPRECATED_OBJC_IMPLEMENTATIONS = YES;
				CLANG_WARN_DIRECT_OBJC_ISA_USAGE = YES_ERROR;
				CLANG_WARN_DOCUMENTATION_COMMENTS = YES;
				CLANG_WARN_EMPTY_BODY = YES;
				CLANG_WARN_ENUM_CONVERSION = YES;
				CLANG_WARN_INFINITE_RECURSION = YES;
				CLANG_WARN_INT_CONVERSION = YES;
				CLANG_WARN_NON_LITERAL_NULL_CONVERSION = YES;
				CLANG_WARN_OBJC_IMPLICIT_RETAIN_SELF = YES;
				CLANG_WARN_OBJC_LITERAL_CONVERSION = YES;
				CLANG_WARN_OBJC_ROOT_CLASS = YES_ERROR;
				CLANG_WARN_RANGE_LOOP_ANALYSIS = YES;
				CLANG_WARN_STRICT_PROTOTYPES = YES;
				CLANG_WARN_SUSPICIOUS_MOVE = YES;
				CLANG_WARN_UNGUARDED_AVAILABILITY = YES_AGGRESSIVE;
				CLANG_WARN_UNREACHABLE_CODE = YES;
				CLANG_WARN__DUPLICATE_METHOD_MATCH = YES;
				CODE_SIGN_IDENTITY = "iPhone Developer";
				COPY_PHASE_STRIP = NO;
				DEBUG_INFORMATION_FORMAT = dwarf;
				ENABLE_STRICT_OBJC_MSGSEND = YES;
				ENABLE_TESTABILITY = YES;
				GCC_C_LANGUAGE_STANDARD = gnu11;
				GCC_DYNAMIC_NO_PIC = NO;
				GCC_NO_COMMON_BLOCKS = YES;
				GCC_OPTIMIZATION_LEVEL = 0;
				GCC_PREPROCESSOR_DEFINITIONS = (
					"DEBUG=1",
					"$(inherited)",
				);
				GCC_WARN_64_TO_32_BIT_CONVERSION = YES;
				GCC_WARN_ABOUT_RETURN_TYPE = YES_ERROR;
				GCC_WARN_UNDECLARED_SELECTOR = YES;
				GCC_WARN_UNINITIALIZED_AUTOS = YES_AGGRESSIVE;
				GCC_WARN_UNUSED_FUNCTION = YES;
				GCC_WARN_UNUSED_VARIABLE = YES;
				IPHONEOS_DEPLOYMENT_TARGET = 12.1;
				MTL_ENABLE_DEBUG_INFO = INCLUDE_SOURCE;
				MTL_FAST_MATH = YES;
				ONLY_ACTIVE_ARCH = YES;
				SDKROOT = iphoneos;
				SWIFT_ACTIVE_COMPILATION_CONDITIONS = DEBUG;
				SWIFT_OPTIMIZATION_LEVEL = "-Onone";
			};
			name = Debug;
		};
		F08338FC2264CA4C0052F90E /* Release */ = {
			isa = XCBuildConfiguration;
			buildSettings = {
				ALWAYS_SEARCH_USER_PATHS = NO;
				CLANG_ANALYZER_NONNULL = YES;
				CLANG_ANALYZER_NUMBER_OBJECT_CONVERSION = YES_AGGRESSIVE;
				CLANG_CXX_LANGUAGE_STANDARD = "gnu++14";
				CLANG_CXX_LIBRARY = "libc++";
				CLANG_ENABLE_MODULES = YES;
				CLANG_ENABLE_OBJC_ARC = YES;
				CLANG_ENABLE_OBJC_WEAK = YES;
				CLANG_WARN_BLOCK_CAPTURE_AUTORELEASING = YES;
				CLANG_WARN_BOOL_CONVERSION = YES;
				CLANG_WARN_COMMA = YES;
				CLANG_WARN_CONSTANT_CONVERSION = YES;
				CLANG_WARN_DEPRECATED_OBJC_IMPLEMENTATIONS = YES;
				CLANG_WARN_DIRECT_OBJC_ISA_USAGE = YES_ERROR;
				CLANG_WARN_DOCUMENTATION_COMMENTS = YES;
				CLANG_WARN_EMPTY_BODY = YES;
				CLANG_WARN_ENUM_CONVERSION = YES;
				CLANG_WARN_INFINITE_RECURSION = YES;
				CLANG_WARN_INT_CONVERSION = YES;
				CLANG_WARN_NON_LITERAL_NULL_CONVERSION = YES;
				CLANG_WARN_OBJC_IMPLICIT_RETAIN_SELF = YES;
				CLANG_WARN_OBJC_LITERAL_CONVERSION = YES;
				CLANG_WARN_OBJC_ROOT_CLASS = YES_ERROR;
				CLANG_WARN_RANGE_LOOP_ANALYSIS = YES;
				CLANG_WARN_STRICT_PROTOTYPES = YES;
				CLANG_WARN_SUSPICIOUS_MOVE = YES;
				CLANG_WARN_UNGUARDED_AVAILABILITY = YES_AGGRESSIVE;
				CLANG_WARN_UNREACHABLE_CODE = YES;
				CLANG_WARN__DUPLICATE_METHOD_MATCH = YES;
				CODE_SIGN_IDENTITY = "iPhone Developer";
				COPY_PHASE_STRIP = NO;
				DEBUG_INFORMATION_FORMAT = "dwarf-with-dsym";
				ENABLE_NS_ASSERTIONS = NO;
				ENABLE_STRICT_OBJC_MSGSEND = YES;
				GCC_C_LANGUAGE_STANDARD = gnu11;
				GCC_NO_COMMON_BLOCKS = YES;
				GCC_WARN_64_TO_32_BIT_CONVERSION = YES;
				GCC_WARN_ABOUT_RETURN_TYPE = YES_ERROR;
				GCC_WARN_UNDECLARED_SELECTOR = YES;
				GCC_WARN_UNINITIALIZED_AUTOS = YES_AGGRESSIVE;
				GCC_WARN_UNUSED_FUNCTION = YES;
				GCC_WARN_UNUSED_VARIABLE = YES;
				IPHONEOS_DEPLOYMENT_TARGET = 12.1;
				MTL_ENABLE_DEBUG_INFO = NO;
				MTL_FAST_MATH = YES;
				SDKROOT = iphoneos;
				SWIFT_COMPILATION_MODE = wholemodule;
				SWIFT_OPTIMIZATION_LEVEL = "-O";
				VALIDATE_PRODUCT = YES;
			};
			name = Release;
		};
		F08338FE2264CA4C0052F90E /* Debug */ = {
			isa = XCBuildConfiguration;
			baseConfigurationReference = B8F450822F60707D85996630 /* Pods-EnjoeiTest.debug.xcconfig */;
			buildSettings = {
				ASSETCATALOG_COMPILER_APPICON_NAME = AppIcon;
				CODE_SIGN_STYLE = Automatic;
				INFOPLIST_FILE = EnjoeiTest/Info.plist;
				IPHONEOS_DEPLOYMENT_TARGET = 10.0;
				LD_RUNPATH_SEARCH_PATHS = (
					"$(inherited)",
					"@executable_path/Frameworks",
				);
				PRODUCT_BUNDLE_IDENTIFIER = br.com.enjoei.test;
				PRODUCT_NAME = "$(TARGET_NAME)";
				SWIFT_VERSION = 4.2;
				TARGETED_DEVICE_FAMILY = "1,2";
			};
			name = Debug;
		};
		F08338FF2264CA4C0052F90E /* Release */ = {
			isa = XCBuildConfiguration;
			baseConfigurationReference = 1EEE38B502783B8AD324146A /* Pods-EnjoeiTest.release.xcconfig */;
			buildSettings = {
				ASSETCATALOG_COMPILER_APPICON_NAME = AppIcon;
				CODE_SIGN_STYLE = Automatic;
				INFOPLIST_FILE = EnjoeiTest/Info.plist;
				IPHONEOS_DEPLOYMENT_TARGET = 10.0;
				LD_RUNPATH_SEARCH_PATHS = (
					"$(inherited)",
					"@executable_path/Frameworks",
				);
				PRODUCT_BUNDLE_IDENTIFIER = br.com.enjoei.test;
				PRODUCT_NAME = "$(TARGET_NAME)";
				SWIFT_VERSION = 4.2;
				TARGETED_DEVICE_FAMILY = "1,2";
			};
			name = Release;
		};
		F08339012264CA4C0052F90E /* Debug */ = {
			isa = XCBuildConfiguration;
			baseConfigurationReference = 332B70DDDD446CD483D195AF /* Pods-EnjoeiTestUITests.debug.xcconfig */;
			buildSettings = {
				ALWAYS_EMBED_SWIFT_STANDARD_LIBRARIES = YES;
				CODE_SIGN_STYLE = Automatic;
				INFOPLIST_FILE = EnjoeiTestUITests/Info.plist;
				LD_RUNPATH_SEARCH_PATHS = (
					"$(inherited)",
					"@executable_path/Frameworks",
					"@loader_path/Frameworks",
				);
				PRODUCT_BUNDLE_IDENTIFIER = br.com.EnjoeiTestUITests;
				PRODUCT_NAME = "$(TARGET_NAME)";
				SWIFT_VERSION = 4.2;
				TARGETED_DEVICE_FAMILY = "1,2";
				TEST_TARGET_NAME = EnjoeiTest;
			};
			name = Debug;
		};
		F08339022264CA4C0052F90E /* Release */ = {
			isa = XCBuildConfiguration;
			baseConfigurationReference = 6F468E77BFFD702C16FEDFA5 /* Pods-EnjoeiTestUITests.release.xcconfig */;
			buildSettings = {
				ALWAYS_EMBED_SWIFT_STANDARD_LIBRARIES = YES;
				CODE_SIGN_STYLE = Automatic;
				INFOPLIST_FILE = EnjoeiTestUITests/Info.plist;
				LD_RUNPATH_SEARCH_PATHS = (
					"$(inherited)",
					"@executable_path/Frameworks",
					"@loader_path/Frameworks",
				);
				PRODUCT_BUNDLE_IDENTIFIER = br.com.EnjoeiTestUITests;
				PRODUCT_NAME = "$(TARGET_NAME)";
				SWIFT_VERSION = 4.2;
				TARGETED_DEVICE_FAMILY = "1,2";
				TEST_TARGET_NAME = EnjoeiTest;
			};
			name = Release;
		};
/* End XCBuildConfiguration section */

/* Begin XCConfigurationList section */
		F08338DB2264CA4B0052F90E /* Build configuration list for PBXProject "EnjoeiTest" */ = {
			isa = XCConfigurationList;
			buildConfigurations = (
				F08338FB2264CA4C0052F90E /* Debug */,
				F08338FC2264CA4C0052F90E /* Release */,
			);
			defaultConfigurationIsVisible = 0;
			defaultConfigurationName = Release;
		};
		F08338FD2264CA4C0052F90E /* Build configuration list for PBXNativeTarget "EnjoeiTest" */ = {
			isa = XCConfigurationList;
			buildConfigurations = (
				F08338FE2264CA4C0052F90E /* Debug */,
				F08338FF2264CA4C0052F90E /* Release */,
			);
			defaultConfigurationIsVisible = 0;
			defaultConfigurationName = Release;
		};
		F08339002264CA4C0052F90E /* Build configuration list for PBXNativeTarget "EnjoeiTestUITests" */ = {
			isa = XCConfigurationList;
			buildConfigurations = (
				F08339012264CA4C0052F90E /* Debug */,
				F08339022264CA4C0052F90E /* Release */,
			);
			defaultConfigurationIsVisible = 0;
			defaultConfigurationName = Release;
		};
/* End XCConfigurationList section */
	};
	rootObject = F08338D82264CA4B0052F90E /* Project object */;
}
